
Microsoft Visual Studio Solution File, Format Version 12.00
# Visual Studio Version 17
VisualStudioVersion = 17.3.32922.545
MinimumVisualStudioVersion = 10.0.40219.1
Project("{FAE04EC0-301F-11D3-BF4B-00C04F79EFBC}") = "CalculateArea", "CalculateArea\CalculateArea.csproj", "{4CF53058-C1F9-472E-810D-5EFACFEADA5B}"
EndProject
Project("{FAE04EC0-301F-11D3-BF4B-00C04F79EFBC}") = "TestProject", "TestProject\TestProject.csproj", "{5C458439-98A9-4AA1-A9A0-D77D6FECCF1E}"
EndProject
Global
	GlobalSection(SolutionConfigurationPlatforms) = preSolution
		Debug|Any CPU = Debug|Any CPU
		Release|Any CPU = Release|Any CPU
	EndGlobalSection
	GlobalSection(ProjectConfigurationPlatforms) = postSolution
		{4CF53058-C1F9-472E-810D-5EFACFEADA5B}.Debug|Any CPU.ActiveCfg = Debug|Any CPU
		{4CF53058-C1F9-472E-810D-5EFACFEADA5B}.Debug|Any CPU.Build.0 = Debug|Any CPU
		{4CF53058-C1F9-472E-810D-5EFACFEADA5B}.Release|Any CPU.ActiveCfg = Release|Any CPU
		{4CF53058-C1F9-472E-810D-5EFACFEADA5B}.Release|Any CPU.Build.0 = Release|Any CPU
		{5C458439-98A9-4AA1-A9A0-D77D6FECCF1E}.Debug|Any CPU.ActiveCfg = Debug|Any CPU
		{5C458439-98A9-4AA1-A9A0-D77D6FECCF1E}.Debug|Any CPU.Build.0 = Debug|Any CPU
		{5C458439-98A9-4AA1-A9A0-D77D6FECCF1E}.Release|Any CPU.ActiveCfg = Release|Any CPU
		{5C458439-98A9-4AA1-A9A0-D77D6FECCF1E}.Release|Any CPU.Build.0 = Release|Any CPU
	EndGlobalSection
	GlobalSection(SolutionProperties) = preSolution
		HideSolutionNode = FALSE
	EndGlobalSection
	GlobalSection(ExtensibilityGlobals) = postSolution
		SolutionGuid = {3AF22455-7A98-4D9B-904D-49FFD847D62A}
	EndGlobalSection
EndGlobal
